{
  "requires": true,
  "lockfileVersion": 1,
  "dependencies": {
    "5": {
      "version": "0.0.1",
      "resolved": "https://registry.npmjs.org/5/-/5-0.0.1.tgz",
      "integrity": "sha1-ikpWujz1Ea4Rep0Plc/O+OEAoxw="
    },
    "bootstrap": {
      "version": "5.0.0-beta2",
      "resolved": "https://registry.npmjs.org/bootstrap/-/bootstrap-5.0.0-beta2.tgz",
      "integrity": "sha512-e+uPbPHqTQWKyCX435uVlOmgH9tUt0xtjvyOC7knhKgOS643BrQKuTo+KecGpPV7qlmOyZgCfaM4xxPWtDEN/g=="
    }
  }
}
