
Microsoft Visual Studio Solution File, Format Version 12.00
# Visual Studio Version 16
VisualStudioVersion = 16.0.31112.23
MinimumVisualStudioVersion = 10.0.40219.1
Project("{9A19103F-16F7-4668-BE54-9A1E7A4F7556}") = "AzureDevops", "AzureDevops.csproj", "{BB8F5763-94A1-453F-8E37-69EC4D09C967}"
EndProject
Global
	GlobalSection(SolutionConfigurationPlatforms) = preSolution
		Debug|Any CPU = Debug|Any CPU
		Release|Any CPU = Release|Any CPU
	EndGlobalSection
	GlobalSection(ProjectConfigurationPlatforms) = postSolution
		{BB8F5763-94A1-453F-8E37-69EC4D09C967}.Debug|Any CPU.ActiveCfg = Debug|Any CPU
		{BB8F5763-94A1-453F-8E37-69EC4D09C967}.Debug|Any CPU.Build.0 = Debug|Any CPU
		{BB8F5763-94A1-453F-8E37-69EC4D09C967}.Release|Any CPU.ActiveCfg = Release|Any CPU
		{BB8F5763-94A1-453F-8E37-69EC4D09C967}.Release|Any CPU.Build.0 = Release|Any CPU
	EndGlobalSection
	GlobalSection(SolutionProperties) = preSolution
		HideSolutionNode = FALSE
	EndGlobalSection
	GlobalSection(ExtensibilityGlobals) = postSolution
		SolutionGuid = {BB5C6B5E-5ABA-40C2-A89E-7061D4BCD275}
	EndGlobalSection
EndGlobal
